
Microsoft Visual Studio Solution File, Format Version 12.00
# Visual Studio 15
VisualStudioVersion = 15.0.27130.2036
MinimumVisualStudioVersion = 10.0.40219.1
Project("{FAE04EC0-301F-11D3-BF4B-00C04F79EFBC}") = "B1Base", "B1Base\B1Base.csproj", "{1923E658-9C3B-4A72-AF58-727BC7705EA8}"
EndProject
Global
	GlobalSection(SolutionConfigurationPlatforms) = preSolution
		Debug|Any CPU = Debug|Any CPU
		Debug|x86 = Debug|x86
		Release|Any CPU = Release|Any CPU
		Release|x86 = Release|x86
	EndGlobalSection
	GlobalSection(ProjectConfigurationPlatforms) = postSolution
		{1923E658-9C3B-4A72-AF58-727BC7705EA8}.Debug|Any CPU.ActiveCfg = Debug|Any CPU
		{1923E658-9C3B-4A72-AF58-727BC7705EA8}.Debug|Any CPU.Build.0 = Debug|Any CPU
		{1923E658-9C3B-4A72-AF58-727BC7705EA8}.Debug|x86.ActiveCfg = Debug|x86
		{1923E658-9C3B-4A72-AF58-727BC7705EA8}.Debug|x86.Build.0 = Debug|x86
		{1923E658-9C3B-4A72-AF58-727BC7705EA8}.Release|Any CPU.ActiveCfg = Release|Any CPU
		{1923E658-9C3B-4A72-AF58-727BC7705EA8}.Release|Any CPU.Build.0 = Release|Any CPU
		{1923E658-9C3B-4A72-AF58-727BC7705EA8}.Release|x86.ActiveCfg = Release|x86
		{1923E658-9C3B-4A72-AF58-727BC7705EA8}.Release|x86.Build.0 = Release|x86
	EndGlobalSection
	GlobalSection(SolutionProperties) = preSolution
		HideSolutionNode = FALSE
	EndGlobalSection
	GlobalSection(ExtensibilityGlobals) = postSolution
		SolutionGuid = {D61FCBC6-D30F-4C38-AC9E-AA1EE12EAD9E}
	EndGlobalSection
EndGlobal
